// !$*UTF8*$!
{
	archiveVersion = 1;
	classes = {
	};
	objectVersion = 56;
	objects = {

/* Begin PBXBuildFile section */
		3214BE052AF6367100A2AC7A /* AppDelegate.swift in Sources */ = {isa = PBXBuildFile; fileRef = 3214BE042AF6367100A2AC7A /* AppDelegate.swift */; };
		3214BE072AF6367100A2AC7A /* SceneDelegate.swift in Sources */ = {isa = PBXBuildFile; fileRef = 3214BE062AF6367100A2AC7A /* SceneDelegate.swift */; };
		3214BE092AF6367100A2AC7A /* ViewController.swift in Sources */ = {isa = PBXBuildFile; fileRef = 3214BE082AF6367100A2AC7A /* ViewController.swift */; };
		3214BE0C2AF6367100A2AC7A /* Main.storyboard in Resources */ = {isa = PBXBuildFile; fileRef = 3214BE0A2AF6367100A2AC7A /* Main.storyboard */; };
		3214BE0E2AF6367A00A2AC7A /* Assets.xcassets in Resources */ = {isa = PBXBuildFile; fileRef = 3214BE0D2AF6367A00A2AC7A /* Assets.xcassets */; };
		3214BE112AF6367A00A2AC7A /* LaunchScreen.storyboard in Resources */ = {isa = PBXBuildFile; fileRef = 3214BE0F2AF6367A00A2AC7A /* LaunchScreen.storyboard */; };
		3214BE192AF648EB00A2AC7A /* CoffeeModel.swift in Sources */ = {isa = PBXBuildFile; fileRef = 3214BE182AF648EA00A2AC7A /* CoffeeModel.swift */; };
/* End PBXBuildFile section */

/* Begin PBXFileReference section */
		3214BE012AF6367100A2AC7A /* Assignment_11_StackView.app */ = {isa = PBXFileReference; explicitFileType = wrapper.application; includeInIndex = 0; path = Assignment_11_StackView.app; sourceTree = BUILT_PRODUCTS_DIR; };
		3214BE042AF6367100A2AC7A /* AppDelegate.swift */ = {isa = PBXFileReference; lastKnownFileType = sourcecode.swift; path = AppDelegate.swift; sourceTree = "<group>"; };
		3214BE062AF6367100A2AC7A /* SceneDelegate.swift */ = {isa = PBXFileReference; lastKnownFileType = sourcecode.swift; path = SceneDelegate.swift; sourceTree = "<group>"; };
		3214BE082AF6367100A2AC7A /* ViewController.swift */ = {isa = PBXFileReference; lastKnownFileType = sourcecode.swift; path = ViewController.swift; sourceTree = "<group>"; };
		3214BE0B2AF6367100A2AC7A /* Base */ = {isa = PBXFileReference; lastKnownFileType = file.storyboard; name = Base; path = Base.lproj/Main.storyboard; sourceTree = "<group>"; };
		3214BE0D2AF6367A00A2AC7A /* Assets.xcassets */ = {isa = PBXFileReference; lastKnownFileType = folder.assetcatalog; path = Assets.xcassets; sourceTree = "<group>"; };
		3214BE102AF6367A00A2AC7A /* Base */ = {isa = PBXFileReference; lastKnownFileType = file.storyboard; name = Base; path = Base.lproj/LaunchScreen.storyboard; sourceTree = "<group>"; };
		3214BE122AF6367A00A2AC7A /* Info.plist */ = {isa = PBXFileReference; lastKnownFileType = text.plist.xml; path = Info.plist; sourceTree = "<group>"; };
		3214BE182AF648EA00A2AC7A /* CoffeeModel.swift */ = {isa = PBXFileReference; lastKnownFileType = sourcecode.swift; path = CoffeeModel.swift; sourceTree = "<group>"; };
/* End PBXFileReference section */

/* Begin PBXFrameworksBuildPhase section */
		3214BDFE2AF6367100A2AC7A /* Frameworks */ = {
			isa = PBXFrameworksBuildPhase;
			buildActionMask = 2147483647;
			files = (
			);
			runOnlyForDeploymentPostprocessing = 0;
		};
/* End PBXFrameworksBuildPhase section */

/* Begin PBXGroup section */
		3214BDF82AF6367100A2AC7A = {
			isa = PBXGroup;
			children = (
				3214BE032AF6367100A2AC7A /* Assignment_11_StackView */,
				3214BE022AF6367100A2AC7A /* Products */,
			);
			sourceTree = "<group>";
		};
		3214BE022AF6367100A2AC7A /* Products */ = {
			isa = PBXGroup;
			children = (
				3214BE012AF6367100A2AC7A /* Assignment_11_StackView.app */,
			);
			name = Products;
			sourceTree = "<group>";
		};
		3214BE032AF6367100A2AC7A /* Assignment_11_StackView */ = {
			isa = PBXGroup;
			children = (
				3214BE042AF6367100A2AC7A /* AppDelegate.swift */,
				3214BE062AF6367100A2AC7A /* SceneDelegate.swift */,
				3214BE082AF6367100A2AC7A /* ViewController.swift */,
				3214BE182AF648EA00A2AC7A /* CoffeeModel.swift */,
				3214BE0A2AF6367100A2AC7A /* Main.storyboard */,
				3214BE0D2AF6367A00A2AC7A /* Assets.xcassets */,
				3214BE0F2AF6367A00A2AC7A /* LaunchScreen.storyboard */,
				3214BE122AF6367A00A2AC7A /* Info.plist */,
			);
			path = Assignment_11_StackView;
			sourceTree = "<group>";
		};
/* End PBXGroup section */

/* Begin PBXNativeTarget section */
		3214BE002AF6367100A2AC7A /* Assignment_11_StackView */ = {
			isa = PBXNativeTarget;
			buildConfigurationList = 3214BE152AF6367A00A2AC7A /* Build configuration list for PBXNativeTarget "Assignment_11_StackView" */;
			buildPhases = (
				3214BDFD2AF6367100A2AC7A /* Sources */,
				3214BDFE2AF6367100A2AC7A /* Frameworks */,
				3214BDFF2AF6367100A2AC7A /* Resources */,
			);
			buildRules = (
			);
			dependencies = (
			);
			name = Assignment_11_StackView;
			productName = Assignment_11_StackView;
			productReference = 3214BE012AF6367100A2AC7A /* Assignment_11_StackView.app */;
			productType = "com.apple.product-type.application";
		};
/* End PBXNativeTarget section */

/* Begin PBXProject section */
		3214BDF92AF6367100A2AC7A /* Project object */ = {
			isa = PBXProject;
			attributes = {
				BuildIndependentTargetsInParallel = 1;
				LastSwiftUpdateCheck = 1420;
				LastUpgradeCheck = 1420;
				TargetAttributes = {
					3214BE002AF6367100A2AC7A = {
						CreatedOnToolsVersion = 14.2;
					};
				};
			};
			buildConfigurationList = 3214BDFC2AF6367100A2AC7A /* Build configuration list for PBXProject "Assignment_11_StackView" */;
			compatibilityVersion = "Xcode 14.0";
			developmentRegion = en;
			hasScannedForEncodings = 0;
			knownRegions = (
				en,
				Base,
			);
			mainGroup = 3214BDF82AF6367100A2AC7A;
			productRefGroup = 3214BE022AF6367100A2AC7A /* Products */;
			projectDirPath = "";
			projectRoot = "";
			targets = (
				3214BE002AF6367100A2AC7A /* Assignment_11_StackView */,
			);
		};
/* End PBXProject section */

/* Begin PBXResourcesBuildPhase section */
		3214BDFF2AF6367100A2AC7A /* Resources */ = {
			isa = PBXResourcesBuildPhase;
			buildActionMask = 2147483647;
			files = (
				3214BE112AF6367A00A2AC7A /* LaunchScreen.storyboard in Resources */,
				3214BE0E2AF6367A00A2AC7A /* Assets.xcassets in Resources */,
				3214BE0C2AF6367100A2AC7A /* Main.storyboard in Resources */,
			);
			runOnlyForDeploymentPostprocessing = 0;
		};
/* End PBXResourcesBuildPhase section */

/* Begin PBXSourcesBuildPhase section */
		3214BDFD2AF6367100A2AC7A /* Sources */ = {
			isa = PBXSourcesBuildPhase;
			buildActionMask = 2147483647;
			files = (
				3214BE092AF6367100A2AC7A /* ViewController.swift in Sources */,
				3214BE192AF648EB00A2AC7A /* CoffeeModel.swift in Sources */,
				3214BE052AF6367100A2AC7A /* AppDelegate.swift in Sources */,
				3214BE072AF6367100A2AC7A /* SceneDelegate.swift in Sources */,
			);
			runOnlyForDeploymentPostprocessing = 0;
		};
/* End PBXSourcesBuildPhase section */

/* Begin PBXVariantGroup section */
		3214BE0A2AF6367100A2AC7A /* Main.storyboard */ = {
			isa = PBXVariantGroup;
			children = (
				3214BE0B2AF6367100A2AC7A /* Base */,
			);
			name = Main.storyboard;
			sourceTree = "<group>";
		};
		3214BE0F2AF6367A00A2AC7A /* LaunchScreen.storyboard */ = {
			isa = PBXVariantGroup;
			children = (
				3214BE102AF6367A00A2AC7A /* Base */,
			);
			name = LaunchScreen.storyboard;
			sourceTree = "<group>";
		};
/* End PBXVariantGroup section */

/* Begin XCBuildConfiguration section */
		3214BE132AF6367A00A2AC7A /* Debug */ = {
			isa = XCBuildConfiguration;
			buildSettings = {
				ALWAYS_SEARCH_USER_PATHS = NO;
				CLANG_ANALYZER_NONNULL = YES;
				CLANG_ANALYZER_NUMBER_OBJECT_CONVERSION = YES_AGGRESSIVE;
				CLANG_CXX_LANGUAGE_STANDARD = "gnu++20";
				CLANG_ENABLE_MODULES = YES;
				CLANG_ENABLE_OBJC_ARC = YES;
				CLANG_ENABLE_OBJC_WEAK = YES;
				CLANG_WARN_BLOCK_CAPTURE_AUTORELEASING = YES;
				CLANG_WARN_BOOL_CONVERSION = YES;
				CLANG_WARN_COMMA = YES;
				CLANG_WARN_CONSTANT_CONVERSION = YES;
				CLANG_WARN_DEPRECATED_OBJC_IMPLEMENTATIONS = YES;
				CLANG_WARN_DIRECT_OBJC_ISA_USAGE = YES_ERROR;
				CLANG_WARN_DOCUMENTATION_COMMENTS = YES;
				CLANG_WARN_EMPTY_BODY = YES;
				CLANG_WARN_ENUM_CONVERSION = YES;
				CLANG_WARN_INFINITE_RECURSION = YES;
				CLANG_WARN_INT_CONVERSION = YES;
				CLANG_WARN_NON_LITERAL_NULL_CONVERSION = YES;
				CLANG_WARN_OBJC_IMPLICIT_RETAIN_SELF = YES;
				CLANG_WARN_OBJC_LITERAL_CONVERSION = YES;
				CLANG_WARN_OBJC_ROOT_CLASS = YES_ERROR;
				CLANG_WARN_QUOTED_INCLUDE_IN_FRAMEWORK_HEADER = YES;
				CLANG_WARN_RANGE_LOOP_ANALYSIS = YES;
				CLANG_WARN_STRICT_PROTOTYPES = YES;
				CLANG_WARN_SUSPICIOUS_MOVE = YES;
				CLANG_WARN_UNGUARDED_AVAILABILITY = YES_AGGRESSIVE;
				CLANG_WARN_UNREACHABLE_CODE = YES;
				CLANG_WARN__DUPLICATE_METHOD_MATCH = YES;
				COPY_PHASE_STRIP = NO;
				DEBUG_INFORMATION_FORMAT = dwarf;
				ENABLE_STRICT_OBJC_MSGSEND = YES;
				ENABLE_TESTABILITY = YES;
				GCC_C_LANGUAGE_STANDARD = gnu11;
				GCC_DYNAMIC_NO_PIC = NO;
				GCC_NO_COMMON_BLOCKS = YES;
				GCC_OPTIMIZATION_LEVEL = 0;
				GCC_PREPROCESSOR_DEFINITIONS = (
					"DEBUG=1",
					"$(inherited)",
				);
				GCC_WARN_64_TO_32_BIT_CONVERSION = YES;
				GCC_WARN_ABOUT_RETURN_TYPE = YES_ERROR;
				GCC_WARN_UNDECLARED_SELECTOR = YES;
				GCC_WARN_UNINITIALIZED_AUTOS = YES_AGGRESSIVE;
				GCC_WARN_UNUSED_FUNCTION = YES;
				GCC_WARN_UNUSED_VARIABLE = YES;
				IPHONEOS_DEPLOYMENT_TARGET = 16.2;
				MTL_ENABLE_DEBUG_INFO = INCLUDE_SOURCE;
				MTL_FAST_MATH = YES;
				ONLY_ACTIVE_ARCH = YES;
				SDKROOT = iphoneos;
				SWIFT_ACTIVE_COMPILATION_CONDITIONS = DEBUG;
				SWIFT_OPTIMIZATION_LEVEL = "-Onone";
			};
			name = Debug;
		};
		3214BE142AF6367A00A2AC7A /* Release */ = {
			isa = XCBuildConfiguration;
			buildSettings = {
				ALWAYS_SEARCH_USER_PATHS = NO;
				CLANG_ANALYZER_NONNULL = YES;
				CLANG_ANALYZER_NUMBER_OBJECT_CONVERSION = YES_AGGRESSIVE;
				CLANG_CXX_LANGUAGE_STANDARD = "gnu++20";
				CLANG_ENABLE_MODULES = YES;
				CLANG_ENABLE_OBJC_ARC = YES;
				CLANG_ENABLE_OBJC_WEAK = YES;
				CLANG_WARN_BLOCK_CAPTURE_AUTORELEASING = YES;
				CLANG_WARN_BOOL_CONVERSION = YES;
				CLANG_WARN_COMMA = YES;
				CLANG_WARN_CONSTANT_CONVERSION = YES;
				CLANG_WARN_DEPRECATED_OBJC_IMPLEMENTATIONS = YES;
				CLANG_WARN_DIRECT_OBJC_ISA_USAGE = YES_ERROR;
				CLANG_WARN_DOCUMENTATION_COMMENTS = YES;
				CLANG_WARN_EMPTY_BODY = YES;
				CLANG_WARN_ENUM_CONVERSION = YES;
				CLANG_WARN_INFINITE_RECURSION = YES;
				CLANG_WARN_INT_CONVERSION = YES;
				CLANG_WARN_NON_LITERAL_NULL_CONVERSION = YES;
				CLANG_WARN_OBJC_IMPLICIT_RETAIN_SELF = YES;
				CLANG_WARN_OBJC_LITERAL_CONVERSION = YES;
				CLANG_WARN_OBJC_ROOT_CLASS = YES_ERROR;
				CLANG_WARN_QUOTED_INCLUDE_IN_FRAMEWORK_HEADER = YES;
				CLANG_WARN_RANGE_LOOP_ANALYSIS = YES;
				CLANG_WARN_STRICT_PROTOTYPES = YES;
				CLANG_WARN_SUSPICIOUS_MOVE = YES;
				CLANG_WARN_UNGUARDED_AVAILABILITY = YES_AGGRESSIVE;
				CLANG_WARN_UNREACHABLE_CODE = YES;
				CLANG_WARN__DUPLICATE_METHOD_MATCH = YES;
				COPY_PHASE_STRIP = NO;
				DEBUG_INFORMATION_FORMAT = "dwarf-with-dsym";
				ENABLE_NS_ASSERTIONS = NO;
				ENABLE_STRICT_OBJC_MSGSEND = YES;
				GCC_C_LANGUAGE_STANDARD = gnu11;
				GCC_NO_COMMON_BLOCKS = YES;
				GCC_WARN_64_TO_32_BIT_CONVERSION = YES;
				GCC_WARN_ABOUT_RETURN_TYPE = YES_ERROR;
				GCC_WARN_UNDECLARED_SELECTOR = YES;
				GCC_WARN_UNINITIALIZED_AUTOS = YES_AGGRESSIVE;
				GCC_WARN_UNUSED_FUNCTION = YES;
				GCC_WARN_UNUSED_VARIABLE = YES;
				IPHONEOS_DEPLOYMENT_TARGET = 16.2;
				MTL_ENABLE_DEBUG_INFO = NO;
				MTL_FAST_MATH = YES;
				SDKROOT = iphoneos;
				SWIFT_COMPILATION_MODE = wholemodule;
				SWIFT_OPTIMIZATION_LEVEL = "-O";
				VALIDATE_PRODUCT = YES;
			};
			name = Release;
		};
		3214BE162AF6367A00A2AC7A /* Debug */ = {
			isa = XCBuildConfiguration;
			buildSettings = {
				ASSETCATALOG_COMPILER_APPICON_NAME = AppIcon;
				ASSETCATALOG_COMPILER_GLOBAL_ACCENT_COLOR_NAME = AccentColor;
				CODE_SIGN_STYLE = Automatic;
				CURRENT_PROJECT_VERSION = 1;
				DEVELOPMENT_TEAM = WN2YL6YWCV;
				GENERATE_INFOPLIST_FILE = YES;
				INFOPLIST_FILE = Assignment_11_StackView/Info.plist;
				INFOPLIST_KEY_UIApplicationSupportsIndirectInputEvents = YES;
				INFOPLIST_KEY_UILaunchStoryboardName = LaunchScreen;
				INFOPLIST_KEY_UIMainStoryboardFile = Main;
				INFOPLIST_KEY_UISupportedInterfaceOrientations_iPad = "UIInterfaceOrientationPortrait UIInterfaceOrientationPortraitUpsideDown UIInterfaceOrientationLandscapeLeft UIInterfaceOrientationLandscapeRight";
				INFOPLIST_KEY_UISupportedInterfaceOrientations_iPhone = "UIInterfaceOrientationPortrait UIInterfaceOrientationLandscapeLeft UIInterfaceOrientationLandscapeRight";
				LD_RUNPATH_SEARCH_PATHS = (
					"$(inherited)",
					"@executable_path/Frameworks",
				);
				MARKETING_VERSION = 1.0;
				PRODUCT_BUNDLE_IDENTIFIER = "com.AnriBeridze.Assignment-11-StackView";
				PRODUCT_NAME = "$(TARGET_NAME)";
				SWIFT_EMIT_LOC_STRINGS = YES;
				SWIFT_VERSION = 5.0;
				TARGETED_DEVICE_FAMILY = "1,2";
			};
			name = Debug;
		};
		3214BE172AF6367A00A2AC7A /* Release */ = {
			isa = XCBuildConfiguration;
			buildSettings = {
				ASSETCATALOG_COMPILER_APPICON_NAME = AppIcon;
				ASSETCATALOG_COMPILER_GLOBAL_ACCENT_COLOR_NAME = AccentColor;
				CODE_SIGN_STYLE = Automatic;
				CURRENT_PROJECT_VERSION = 1;
				DEVELOPMENT_TEAM = WN2YL6YWCV;
				GENERATE_INFOPLIST_FILE = YES;
				INFOPLIST_FILE = Assignment_11_StackView/Info.plist;
				INFOPLIST_KEY_UIApplicationSupportsIndirectInputEvents = YES;
				INFOPLIST_KEY_UILaunchStoryboardName = LaunchScreen;
				INFOPLIST_KEY_UIMainStoryboardFile = Main;
				INFOPLIST_KEY_UISupportedInterfaceOrientations_iPad = "UIInterfaceOrientationPortrait UIInterfaceOrientationPortraitUpsideDown UIInterfaceOrientationLandscapeLeft UIInterfaceOrientationLandscapeRight";
				INFOPLIST_KEY_UISupportedInterfaceOrientations_iPhone = "UIInterfaceOrientationPortrait UIInterfaceOrientationLandscapeLeft UIInterfaceOrientationLandscapeRight";
				LD_RUNPATH_SEARCH_PATHS = (
					"$(inherited)",
					"@executable_path/Frameworks",
				);
				MARKETING_VERSION = 1.0;
				PRODUCT_BUNDLE_IDENTIFIER = "com.AnriBeridze.Assignment-11-StackView";
				PRODUCT_NAME = "$(TARGET_NAME)";
				SWIFT_EMIT_LOC_STRINGS = YES;
				SWIFT_VERSION = 5.0;
				TARGETED_DEVICE_FAMILY = "1,2";
			};
			name = Release;
		};
/* End XCBuildConfiguration section */

/* Begin XCConfigurationList section */
		3214BDFC2AF6367100A2AC7A /* Build configuration list for PBXProject "Assignment_11_StackView" */ = {
			isa = XCConfigurationList;
			buildConfigurations = (
				3214BE132AF6367A00A2AC7A /* Debug */,
				3214BE142AF6367A00A2AC7A /* Release */,
			);
			defaultConfigurationIsVisible = 0;
			defaultConfigurationName = Release;
		};
		3214BE152AF6367A00A2AC7A /* Build configuration list for PBXNativeTarget "Assignment_11_StackView" */ = {
			isa = XCConfigurationList;
			buildConfigurations = (
				3214BE162AF6367A00A2AC7A /* Debug */,
				3214BE172AF6367A00A2AC7A /* Release */,
			);
			defaultConfigurationIsVisible = 0;
			defaultConfigurationName = Release;
		};
/* End XCConfigurationList section */
	};
	rootObject = 3214BDF92AF6367100A2AC7A /* Project object */;
}
